
Microsoft Visual Studio Solution File, Format Version 12.00
# Visual Studio Version 17
VisualStudioVersion = 17.0.32112.339
MinimumVisualStudioVersion = 10.0.40219.1
Project("{FAE04EC0-301F-11D3-BF4B-00C04F79EFBC}") = "Day3Project6", "Day3Project6\Day3Project6.csproj", "{C5F0E569-BA38-40EE-80A9-AE5659173410}"
EndProject
Global
	GlobalSection(SolutionConfigurationPlatforms) = preSolution
		Debug|Any CPU = Debug|Any CPU
		Release|Any CPU = Release|Any CPU
	EndGlobalSection
	GlobalSection(ProjectConfigurationPlatforms) = postSolution
		{C5F0E569-BA38-40EE-80A9-AE5659173410}.Debug|Any CPU.ActiveCfg = Debug|Any CPU
		{C5F0E569-BA38-40EE-80A9-AE5659173410}.Debug|Any CPU.Build.0 = Debug|Any CPU
		{C5F0E569-BA38-40EE-80A9-AE5659173410}.Release|Any CPU.ActiveCfg = Release|Any CPU
		{C5F0E569-BA38-40EE-80A9-AE5659173410}.Release|Any CPU.Build.0 = Release|Any CPU
	EndGlobalSection
	GlobalSection(SolutionProperties) = preSolution
		HideSolutionNode = FALSE
	EndGlobalSection
	GlobalSection(ExtensibilityGlobals) = postSolution
		SolutionGuid = {82473000-2253-487B-B834-6925804BE21C}
	EndGlobalSection
EndGlobal
