
Microsoft Visual Studio Solution File, Format Version 12.00
# Visual Studio Version 17
VisualStudioVersion = 17.0.32112.339
MinimumVisualStudioVersion = 10.0.40219.1
Project("{FAE04EC0-301F-11D3-BF4B-00C04F79EFBC}") = "D8P2-EmployeeClass", "D8P2-EmployeeClass\D8P2-EmployeeClass.csproj", "{AF0731D1-404B-402D-9BD1-DF14935654D1}"
EndProject
Global
	GlobalSection(SolutionConfigurationPlatforms) = preSolution
		Debug|Any CPU = Debug|Any CPU
		Release|Any CPU = Release|Any CPU
	EndGlobalSection
	GlobalSection(ProjectConfigurationPlatforms) = postSolution
		{AF0731D1-404B-402D-9BD1-DF14935654D1}.Debug|Any CPU.ActiveCfg = Debug|Any CPU
		{AF0731D1-404B-402D-9BD1-DF14935654D1}.Debug|Any CPU.Build.0 = Debug|Any CPU
		{AF0731D1-404B-402D-9BD1-DF14935654D1}.Release|Any CPU.ActiveCfg = Release|Any CPU
		{AF0731D1-404B-402D-9BD1-DF14935654D1}.Release|Any CPU.Build.0 = Release|Any CPU
	EndGlobalSection
	GlobalSection(SolutionProperties) = preSolution
		HideSolutionNode = FALSE
	EndGlobalSection
	GlobalSection(ExtensibilityGlobals) = postSolution
		SolutionGuid = {A082867B-C440-4F54-B255-5543079D825B}
	EndGlobalSection
EndGlobal
