
Microsoft Visual Studio Solution File, Format Version 12.00
# Visual Studio Version 17
VisualStudioVersion = 17.0.32112.339
MinimumVisualStudioVersion = 10.0.40219.1
Project("{FAE04EC0-301F-11D3-BF4B-00C04F79EFBC}") = "Day17Project1", "Day17Project1\Day17Project1.csproj", "{C28E461B-D3BF-4470-A331-561FB69FC955}"
EndProject
Global
	GlobalSection(SolutionConfigurationPlatforms) = preSolution
		Debug|Any CPU = Debug|Any CPU
		Release|Any CPU = Release|Any CPU
	EndGlobalSection
	GlobalSection(ProjectConfigurationPlatforms) = postSolution
		{C28E461B-D3BF-4470-A331-561FB69FC955}.Debug|Any CPU.ActiveCfg = Debug|Any CPU
		{C28E461B-D3BF-4470-A331-561FB69FC955}.Debug|Any CPU.Build.0 = Debug|Any CPU
		{C28E461B-D3BF-4470-A331-561FB69FC955}.Release|Any CPU.ActiveCfg = Release|Any CPU
		{C28E461B-D3BF-4470-A331-561FB69FC955}.Release|Any CPU.Build.0 = Release|Any CPU
	EndGlobalSection
	GlobalSection(SolutionProperties) = preSolution
		HideSolutionNode = FALSE
	EndGlobalSection
	GlobalSection(ExtensibilityGlobals) = postSolution
		SolutionGuid = {97A67107-21FD-4EE4-95A5-CA06B5FE59E8}
	EndGlobalSection
EndGlobal
