
Microsoft Visual Studio Solution File, Format Version 12.00
# Visual Studio Version 17
VisualStudioVersion = 17.0.32112.339
MinimumVisualStudioVersion = 10.0.40219.1
Project("{FAE04EC0-301F-11D3-BF4B-00C04F79EFBC}") = "Day 19 Project3", "Day 19 Project3\Day 19 Project3.csproj", "{5F41D991-7304-43F7-8211-F64036B8B86B}"
EndProject
Global
	GlobalSection(SolutionConfigurationPlatforms) = preSolution
		Debug|Any CPU = Debug|Any CPU
		Release|Any CPU = Release|Any CPU
	EndGlobalSection
	GlobalSection(ProjectConfigurationPlatforms) = postSolution
		{5F41D991-7304-43F7-8211-F64036B8B86B}.Debug|Any CPU.ActiveCfg = Debug|Any CPU
		{5F41D991-7304-43F7-8211-F64036B8B86B}.Debug|Any CPU.Build.0 = Debug|Any CPU
		{5F41D991-7304-43F7-8211-F64036B8B86B}.Release|Any CPU.ActiveCfg = Release|Any CPU
		{5F41D991-7304-43F7-8211-F64036B8B86B}.Release|Any CPU.Build.0 = Release|Any CPU
	EndGlobalSection
	GlobalSection(SolutionProperties) = preSolution
		HideSolutionNode = FALSE
	EndGlobalSection
	GlobalSection(ExtensibilityGlobals) = postSolution
		SolutionGuid = {5C7A883D-7FE1-4616-BCEE-114BA3DFE181}
	EndGlobalSection
EndGlobal
