
Microsoft Visual Studio Solution File, Format Version 12.00
# Visual Studio Version 17
VisualStudioVersion = 17.0.32112.339
MinimumVisualStudioVersion = 10.0.40219.1
Project("{FAE04EC0-301F-11D3-BF4B-00C04F79EFBC}") = "Day16Project3", "Day16Project3\Day16Project3.csproj", "{96E940B1-EA8E-4B3F-8E7C-B93B479149F5}"
EndProject
Global
	GlobalSection(SolutionConfigurationPlatforms) = preSolution
		Debug|Any CPU = Debug|Any CPU
		Release|Any CPU = Release|Any CPU
	EndGlobalSection
	GlobalSection(ProjectConfigurationPlatforms) = postSolution
		{96E940B1-EA8E-4B3F-8E7C-B93B479149F5}.Debug|Any CPU.ActiveCfg = Debug|Any CPU
		{96E940B1-EA8E-4B3F-8E7C-B93B479149F5}.Debug|Any CPU.Build.0 = Debug|Any CPU
		{96E940B1-EA8E-4B3F-8E7C-B93B479149F5}.Release|Any CPU.ActiveCfg = Release|Any CPU
		{96E940B1-EA8E-4B3F-8E7C-B93B479149F5}.Release|Any CPU.Build.0 = Release|Any CPU
	EndGlobalSection
	GlobalSection(SolutionProperties) = preSolution
		HideSolutionNode = FALSE
	EndGlobalSection
	GlobalSection(ExtensibilityGlobals) = postSolution
		SolutionGuid = {8B4B955D-312F-424D-BB06-2B076A7B90FC}
	EndGlobalSection
EndGlobal
