
Microsoft Visual Studio Solution File, Format Version 12.00
# Visual Studio Version 17
VisualStudioVersion = 17.0.32112.339
MinimumVisualStudioVersion = 10.0.40219.1
Project("{FAE04EC0-301F-11D3-BF4B-00C04F79EFBC}") = "Day14Project7", "Day14Project7\Day14Project7.csproj", "{EA98002F-6EC4-406B-808D-85FA80E9C8DD}"
EndProject
Global
	GlobalSection(SolutionConfigurationPlatforms) = preSolution
		Debug|Any CPU = Debug|Any CPU
		Release|Any CPU = Release|Any CPU
	EndGlobalSection
	GlobalSection(ProjectConfigurationPlatforms) = postSolution
		{EA98002F-6EC4-406B-808D-85FA80E9C8DD}.Debug|Any CPU.ActiveCfg = Debug|Any CPU
		{EA98002F-6EC4-406B-808D-85FA80E9C8DD}.Debug|Any CPU.Build.0 = Debug|Any CPU
		{EA98002F-6EC4-406B-808D-85FA80E9C8DD}.Release|Any CPU.ActiveCfg = Release|Any CPU
		{EA98002F-6EC4-406B-808D-85FA80E9C8DD}.Release|Any CPU.Build.0 = Release|Any CPU
	EndGlobalSection
	GlobalSection(SolutionProperties) = preSolution
		HideSolutionNode = FALSE
	EndGlobalSection
	GlobalSection(ExtensibilityGlobals) = postSolution
		SolutionGuid = {401FA798-489F-49EB-BDB7-251DFAEFF036}
	EndGlobalSection
EndGlobal
