
Microsoft Visual Studio Solution File, Format Version 12.00
# Visual Studio Version 17
VisualStudioVersion = 17.0.32112.339
MinimumVisualStudioVersion = 10.0.40219.1
Project("{FAE04EC0-301F-11D3-BF4B-00C04F79EFBC}") = "CustomerCustom-ArrayObject", "CustomerCustom-ArrayObject\CustomerCustom-ArrayObject.csproj", "{FB73CE60-8973-4B7B-B107-96956F4EA161}"
EndProject
Global
	GlobalSection(SolutionConfigurationPlatforms) = preSolution
		Debug|Any CPU = Debug|Any CPU
		Release|Any CPU = Release|Any CPU
	EndGlobalSection
	GlobalSection(ProjectConfigurationPlatforms) = postSolution
		{FB73CE60-8973-4B7B-B107-96956F4EA161}.Debug|Any CPU.ActiveCfg = Debug|Any CPU
		{FB73CE60-8973-4B7B-B107-96956F4EA161}.Debug|Any CPU.Build.0 = Debug|Any CPU
		{FB73CE60-8973-4B7B-B107-96956F4EA161}.Release|Any CPU.ActiveCfg = Release|Any CPU
		{FB73CE60-8973-4B7B-B107-96956F4EA161}.Release|Any CPU.Build.0 = Release|Any CPU
	EndGlobalSection
	GlobalSection(SolutionProperties) = preSolution
		HideSolutionNode = FALSE
	EndGlobalSection
	GlobalSection(ExtensibilityGlobals) = postSolution
		SolutionGuid = {D7DB12A2-EBE1-4CCC-A19A-3E965B2464DF}
	EndGlobalSection
EndGlobal
