
Microsoft Visual Studio Solution File, Format Version 12.00
# Visual Studio Version 17
VisualStudioVersion = 17.0.32112.339
MinimumVisualStudioVersion = 10.0.40219.1
Project("{FAE04EC0-301F-11D3-BF4B-00C04F79EFBC}") = "Day3Project5", "Day3Project5\Day3Project5.csproj", "{68EB0D14-D84F-425B-8762-CFE437EB17C7}"
EndProject
Global
	GlobalSection(SolutionConfigurationPlatforms) = preSolution
		Debug|Any CPU = Debug|Any CPU
		Release|Any CPU = Release|Any CPU
	EndGlobalSection
	GlobalSection(ProjectConfigurationPlatforms) = postSolution
		{68EB0D14-D84F-425B-8762-CFE437EB17C7}.Debug|Any CPU.ActiveCfg = Debug|Any CPU
		{68EB0D14-D84F-425B-8762-CFE437EB17C7}.Debug|Any CPU.Build.0 = Debug|Any CPU
		{68EB0D14-D84F-425B-8762-CFE437EB17C7}.Release|Any CPU.ActiveCfg = Release|Any CPU
		{68EB0D14-D84F-425B-8762-CFE437EB17C7}.Release|Any CPU.Build.0 = Release|Any CPU
	EndGlobalSection
	GlobalSection(SolutionProperties) = preSolution
		HideSolutionNode = FALSE
	EndGlobalSection
	GlobalSection(ExtensibilityGlobals) = postSolution
		SolutionGuid = {83C3F454-8C3C-41AB-9029-78F33AF42B22}
	EndGlobalSection
EndGlobal
