
Microsoft Visual Studio Solution File, Format Version 12.00
# Visual Studio Version 17
VisualStudioVersion = 17.0.32112.339
MinimumVisualStudioVersion = 10.0.40219.1
Project("{FAE04EC0-301F-11D3-BF4B-00C04F79EFBC}") = "Day20Project2", "DayProject2\Day20Project2.csproj", "{EEB4B255-4FAE-4FCA-B738-A106405AF0F1}"
EndProject
Global
	GlobalSection(SolutionConfigurationPlatforms) = preSolution
		Debug|Any CPU = Debug|Any CPU
		Release|Any CPU = Release|Any CPU
	EndGlobalSection
	GlobalSection(ProjectConfigurationPlatforms) = postSolution
		{EEB4B255-4FAE-4FCA-B738-A106405AF0F1}.Debug|Any CPU.ActiveCfg = Debug|Any CPU
		{EEB4B255-4FAE-4FCA-B738-A106405AF0F1}.Debug|Any CPU.Build.0 = Debug|Any CPU
		{EEB4B255-4FAE-4FCA-B738-A106405AF0F1}.Release|Any CPU.ActiveCfg = Release|Any CPU
		{EEB4B255-4FAE-4FCA-B738-A106405AF0F1}.Release|Any CPU.Build.0 = Release|Any CPU
	EndGlobalSection
	GlobalSection(SolutionProperties) = preSolution
		HideSolutionNode = FALSE
	EndGlobalSection
	GlobalSection(ExtensibilityGlobals) = postSolution
		SolutionGuid = {A431029F-4AD4-475A-B78F-0E7D8D463B5D}
	EndGlobalSection
EndGlobal
